// !$*UTF8*$!
{
	archiveVersion = 1;
	classes = {
	};
	objectVersion = 46;
	objects = {

/* Begin PBXBuildFile section */
		18DBEE581BF2EBB2004C36D1 /* main.m in Sources */ = {isa = PBXBuildFile; fileRef = 18DBEE571BF2EBB2004C36D1 /* main.m */; };
		18DBEE5B1BF2EBB2004C36D1 /* AppDelegate.m in Sources */ = {isa = PBXBuildFile; fileRef = 18DBEE5A1BF2EBB2004C36D1 /* AppDelegate.m */; };
		18DBEE5E1BF2EBB2004C36D1 /* ViewController.m in Sources */ = {isa = PBXBuildFile; fileRef = 18DBEE5D1BF2EBB2004C36D1 /* ViewController.m */; };
		18DBEE611BF2EBB2004C36D1 /* Main.storyboard in Resources */ = {isa = PBXBuildFile; fileRef = 18DBEE5F1BF2EBB2004C36D1 /* Main.storyboard */; };
		18DBEE631BF2EBB2004C36D1 /* Images.xcassets in Resources */ = {isa = PBXBuildFile; fileRef = 18DBEE621BF2EBB2004C36D1 /* Images.xcassets */; };
		18DBEE661BF2EBB2004C36D1 /* LaunchScreen.xib in Resources */ = {isa = PBXBuildFile; fileRef = 18DBEE641BF2EBB2004C36D1 /* LaunchScreen.xib */; };
		18DBEE721BF2EBB2004C36D1 /* MyWebviewTests.m in Sources */ = {isa = PBXBuildFile; fileRef = 18DBEE711BF2EBB2004C36D1 /* MyWebviewTests.m */; };
/* End PBXBuildFile section */

/* Begin PBXContainerItemProxy section */
		18DBEE6C1BF2EBB2004C36D1 /* PBXContainerItemProxy */ = {
			isa = PBXContainerItemProxy;
			containerPortal = 18DBEE4A1BF2EBB2004C36D1 /* Project object */;
			proxyType = 1;
			remoteGlobalIDString = 18DBEE511BF2EBB2004C36D1;
			remoteInfo = MyWebview;
		};
/* End PBXContainerItemProxy section */

/* Begin PBXFileReference section */
		18DBEE521BF2EBB2004C36D1 /* MyWebview.app */ = {isa = PBXFileReference; explicitFileType = wrapper.application; includeInIndex = 0; path = MyWebview.app; sourceTree = BUILT_PRODUCTS_DIR; };
		18DBEE561BF2EBB2004C36D1 /* Info.plist */ = {isa = PBXFileReference; lastKnownFileType = text.plist.xml; path = Info.plist; sourceTree = "<group>"; };
		18DBEE571BF2EBB2004C36D1 /* main.m */ = {isa = PBXFileReference; lastKnownFileType = sourcecode.c.objc; path = main.m; sourceTree = "<group>"; };
		18DBEE591BF2EBB2004C36D1 /* AppDelegate.h */ = {isa = PBXFileReference; lastKnownFileType = sourcecode.c.h; path = AppDelegate.h; sourceTree = "<group>"; };
		18DBEE5A1BF2EBB2004C36D1 /* AppDelegate.m */ = {isa = PBXFileReference; lastKnownFileType = sourcecode.c.objc; path = AppDelegate.m; sourceTree = "<group>"; };
		18DBEE5C1BF2EBB2004C36D1 /* ViewController.h */ = {isa = PBXFileReference; lastKnownFileType = sourcecode.c.h; path = ViewController.h; sourceTree = "<group>"; };
		18DBEE5D1BF2EBB2004C36D1 /* ViewController.m */ = {isa = PBXFileReference; lastKnownFileType = sourcecode.c.objc; path = ViewController.m; sourceTree = "<group>"; };
		18DBEE601BF2EBB2004C36D1 /* Base */ = {isa = PBXFileReference; lastKnownFileType = file.storyboard; name = Base; path = Base.lproj/Main.storyboard; sourceTree = "<group>"; };
		18DBEE621BF2EBB2004C36D1 /* Images.xcassets */ = {isa = PBXFileReference; lastKnownFileType = folder.assetcatalog; path = Images.xcassets; sourceTree = "<group>"; };
		18DBEE651BF2EBB2004C36D1 /* Base */ = {isa = PBXFileReference; lastKnownFileType = file.xib; name = Base; path = Base.lproj/LaunchScreen.xib; sourceTree = "<group>"; };
		18DBEE6B1BF2EBB2004C36D1 /* MyWebviewTests.xctest */ = {isa = PBXFileReference; explicitFileType = wrapper.cfbundle; includeInIndex = 0; path = MyWebviewTests.xctest; sourceTree = BUILT_PRODUCTS_DIR; };
		18DBEE701BF2EBB2004C36D1 /* Info.plist */ = {isa = PBXFileReference; lastKnownFileType = text.plist.xml; path = Info.plist; sourceTree = "<group>"; };
		18DBEE711BF2EBB2004C36D1 /* MyWebviewTests.m */ = {isa = PBXFileReference; lastKnownFileType = sourcecode.c.objc; path = MyWebviewTests.m; sourceTree = "<group>"; };
/* End PBXFileReference section */

/* Begin PBXFrameworksBuildPhase section */
		18DBEE4F1BF2EBB2004C36D1 /* Frameworks */ = {
			isa = PBXFrameworksBuildPhase;
			buildActionMask = 2147483647;
			files = (
			);
			runOnlyForDeploymentPostprocessing = 0;
		};
		18DBEE681BF2EBB2004C36D1 /* Frameworks */ = {
			isa = PBXFrameworksBuildPhase;
			buildActionMask = 2147483647;
			files = (
			);
			runOnlyForDeploymentPostprocessing = 0;
		};
/* End PBXFrameworksBuildPhase section */

/* Begin PBXGroup section */
		18DBEE491BF2EBB2004C36D1 = {
			isa = PBXGroup;
			children = (
				18DBEE541BF2EBB2004C36D1 /* MyWebview */,
				18DBEE6E1BF2EBB2004C36D1 /* MyWebviewTests */,
				18DBEE531BF2EBB2004C36D1 /* Products */,
			);
			sourceTree = "<group>";
		};
		18DBEE531BF2EBB2004C36D1 /* Products */ = {
			isa = PBXGroup;
			children = (
				18DBEE521BF2EBB2004C36D1 /* MyWebview.app */,
				18DBEE6B1BF2EBB2004C36D1 /* MyWebviewTests.xctest */,
			);
			name = Products;
			sourceTree = "<group>";
		};
		18DBEE541BF2EBB2004C36D1 /* MyWebview */ = {
			isa = PBXGroup;
			children = (
				18DBEE591BF2EBB2004C36D1 /* AppDelegate.h */,
				18DBEE5A1BF2EBB2004C36D1 /* AppDelegate.m */,
				18DBEE5C1BF2EBB2004C36D1 /* ViewController.h */,
				18DBEE5D1BF2EBB2004C36D1 /* ViewController.m */,
				18DBEE5F1BF2EBB2004C36D1 /* Main.storyboard */,
				18DBEE621BF2EBB2004C36D1 /* Images.xcassets */,
				18DBEE641BF2EBB2004C36D1 /* LaunchScreen.xib */,
				18DBEE551BF2EBB2004C36D1 /* Supporting Files */,
			);
			path = MyWebview;
			sourceTree = "<group>";
		};
		18DBEE551BF2EBB2004C36D1 /* Supporting Files */ = {
			isa = PBXGroup;
			children = (
				18DBEE561BF2EBB2004C36D1 /* Info.plist */,
				18DBEE571BF2EBB2004C36D1 /* main.m */,
			);
			name = "Supporting Files";
			sourceTree = "<group>";
		};
		18DBEE6E1BF2EBB2004C36D1 /* MyWebviewTests */ = {
			isa = PBXGroup;
			children = (
				18DBEE711BF2EBB2004C36D1 /* MyWebviewTests.m */,
				18DBEE6F1BF2EBB2004C36D1 /* Supporting Files */,
			);
			path = MyWebviewTests;
			sourceTree = "<group>";
		};
		18DBEE6F1BF2EBB2004C36D1 /* Supporting Files */ = {
			isa = PBXGroup;
			children = (
				18DBEE701BF2EBB2004C36D1 /* Info.plist */,
			);
			name = "Supporting Files";
			sourceTree = "<group>";
		};
/* End PBXGroup section */

/* Begin PBXNativeTarget section */
		18DBEE511BF2EBB2004C36D1 /* MyWebview */ = {
			isa = PBXNativeTarget;
			buildConfigurationList = 18DBEE751BF2EBB2004C36D1 /* Build configuration list for PBXNativeTarget "MyWebview" */;
			buildPhases = (
				18DBEE4E1BF2EBB2004C36D1 /* Sources */,
				18DBEE4F1BF2EBB2004C36D1 /* Frameworks */,
				18DBEE501BF2EBB2004C36D1 /* Resources */,
			);
			buildRules = (
			);
			dependencies = (
			);
			name = MyWebview;
			productName = MyWebview;
			productReference = 18DBEE521BF2EBB2004C36D1 /* MyWebview.app */;
			productType = "com.apple.product-type.application";
		};
		18DBEE6A1BF2EBB2004C36D1 /* MyWebviewTests */ = {
			isa = PBXNativeTarget;
			buildConfigurationList = 18DBEE781BF2EBB2004C36D1 /* Build configuration list for PBXNativeTarget "MyWebviewTests" */;
			buildPhases = (
				18DBEE671BF2EBB2004C36D1 /* Sources */,
				18DBEE681BF2EBB2004C36D1 /* Frameworks */,
				18DBEE691BF2EBB2004C36D1 /* Resources */,
			);
			buildRules = (
			);
			dependencies = (
				18DBEE6D1BF2EBB2004C36D1 /* PBXTargetDependency */,
			);
			name = MyWebviewTests;
			productName = MyWebviewTests;
			productReference = 18DBEE6B1BF2EBB2004C36D1 /* MyWebviewTests.xctest */;
			productType = "com.apple.product-type.bundle.unit-test";
		};
/* End PBXNativeTarget section */

/* Begin PBXProject section */
		18DBEE4A1BF2EBB2004C36D1 /* Project object */ = {
			isa = PBXProject;
			attributes = {
				LastUpgradeCheck = 0630;
				ORGANIZATIONNAME = zf;
				TargetAttributes = {
					18DBEE511BF2EBB2004C36D1 = {
						CreatedOnToolsVersion = 6.3.1;
					};
					18DBEE6A1BF2EBB2004C36D1 = {
						CreatedOnToolsVersion = 6.3.1;
						TestTargetID = 18DBEE511BF2EBB2004C36D1;
					};
				};
			};
			buildConfigurationList = 18DBEE4D1BF2EBB2004C36D1 /* Build configuration list for PBXProject "MyWebview" */;
			compatibilityVersion = "Xcode 3.2";
			developmentRegion = English;
			hasScannedForEncodings = 0;
			knownRegions = (
				en,
				Base,
			);
			mainGroup = 18DBEE491BF2EBB2004C36D1;
			productRefGroup = 18DBEE531BF2EBB2004C36D1 /* Products */;
			projectDirPath = "";
			projectRoot = "";
			targets = (
				18DBEE511BF2EBB2004C36D1 /* MyWebview */,
				18DBEE6A1BF2EBB2004C36D1 /* MyWebviewTests */,
			);
		};
/* End PBXProject section */

/* Begin PBXResourcesBuildPhase section */
		18DBEE501BF2EBB2004C36D1 /* Resources */ = {
			isa = PBXResourcesBuildPhase;
			buildActionMask = 2147483647;
			files = (
				18DBEE611BF2EBB2004C36D1 /* Main.storyboard in Resources */,
				18DBEE661BF2EBB2004C36D1 /* LaunchScreen.xib in Resources */,
				18DBEE631BF2EBB2004C36D1 /* Images.xcassets in Resources */,
			);
			runOnlyForDeploymentPostprocessing = 0;
		};
		18DBEE691BF2EBB2004C36D1 /* Resources */ = {
			isa = PBXResourcesBuildPhase;
			buildActionMask = 2147483647;
			files = (
			);
			runOnlyForDeploymentPostprocessing = 0;
		};
/* End PBXResourcesBuildPhase section */

/* Begin PBXSourcesBuildPhase section */
		18DBEE4E1BF2EBB2004C36D1 /* Sources */ = {
			isa = PBXSourcesBuildPhase;
			buildActionMask = 2147483647;
			files = (
				18DBEE5E1BF2EBB2004C36D1 /* ViewController.m in Sources */,
				18DBEE5B1BF2EBB2004C36D1 /* AppDelegate.m in Sources */,
				18DBEE581BF2EBB2004C36D1 /* main.m in Sources */,
			);
			runOnlyForDeploymentPostprocessing = 0;
		};
		18DBEE671BF2EBB2004C36D1 /* Sources */ = {
			isa = PBXSourcesBuildPhase;
			buildActionMask = 2147483647;
			files = (
				18DBEE721BF2EBB2004C36D1 /* MyWebviewTests.m in Sources */,
			);
			runOnlyForDeploymentPostprocessing = 0;
		};
/* End PBXSourcesBuildPhase section */

/* Begin PBXTargetDependency section */
		18DBEE6D1BF2EBB2004C36D1 /* PBXTargetDependency */ = {
			isa = PBXTargetDependency;
			target = 18DBEE511BF2EBB2004C36D1 /* MyWebview */;
			targetProxy = 18DBEE6C1BF2EBB2004C36D1 /* PBXContainerItemProxy */;
		};
/* End PBXTargetDependency section */

/* Begin PBXVariantGroup section */
		18DBEE5F1BF2EBB2004C36D1 /* Main.storyboard */ = {
			isa = PBXVariantGroup;
			children = (
				18DBEE601BF2EBB2004C36D1 /* Base */,
			);
			name = Main.storyboard;
			sourceTree = "<group>";
		};
		18DBEE641BF2EBB2004C36D1 /* LaunchScreen.xib */ = {
			isa = PBXVariantGroup;
			children = (
				18DBEE651BF2EBB2004C36D1 /* Base */,
			);
			name = LaunchScreen.xib;
			sourceTree = "<group>";
		};
/* End PBXVariantGroup section */

/* Begin XCBuildConfiguration section */
		18DBEE731BF2EBB2004C36D1 /* Debug */ = {
			isa = XCBuildConfiguration;
			buildSettings = {
				ALWAYS_SEARCH_USER_PATHS = NO;
				CLANG_CXX_LANGUAGE_STANDARD = "gnu++0x";
				CLANG_CXX_LIBRARY = "libc++";
				CLANG_ENABLE_MODULES = YES;
				CLANG_ENABLE_OBJC_ARC = YES;
				CLANG_WARN_BOOL_CONVERSION = YES;
				CLANG_WARN_CONSTANT_CONVERSION = YES;
				CLANG_WARN_DIRECT_OBJC_ISA_USAGE = YES_ERROR;
				CLANG_WARN_EMPTY_BODY = YES;
				CLANG_WARN_ENUM_CONVERSION = YES;
				CLANG_WARN_INT_CONVERSION = YES;
				CLANG_WARN_OBJC_ROOT_CLASS = YES_ERROR;
				CLANG_WARN_UNREACHABLE_CODE = YES;
				CLANG_WARN__DUPLICATE_METHOD_MATCH = YES;
				"CODE_SIGN_IDENTITY[sdk=iphoneos*]" = "iPhone Developer";
				COPY_PHASE_STRIP = NO;
				DEBUG_INFORMATION_FORMAT = "dwarf-with-dsym";
				ENABLE_STRICT_OBJC_MSGSEND = YES;
				GCC_C_LANGUAGE_STANDARD = gnu99;
				GCC_DYNAMIC_NO_PIC = NO;
				GCC_NO_COMMON_BLOCKS = YES;
				GCC_OPTIMIZATION_LEVEL = 0;
				GCC_PREPROCESSOR_DEFINITIONS = (
					"DEBUG=1",
					"$(inherited)",
				);
				GCC_SYMBOLS_PRIVATE_EXTERN = NO;
				GCC_WARN_64_TO_32_BIT_CONVERSION = YES;
				GCC_WARN_ABOUT_RETURN_TYPE = YES_ERROR;
				GCC_WARN_UNDECLARED_SELECTOR = YES;
				GCC_WARN_UNINITIALIZED_AUTOS = YES_AGGRESSIVE;
				GCC_WARN_UNUSED_FUNCTION = YES;
				GCC_WARN_UNUSED_VARIABLE = YES;
				IPHONEOS_DEPLOYMENT_TARGET = 8.3;
				MTL_ENABLE_DEBUG_INFO = YES;
				ONLY_ACTIVE_ARCH = YES;
				SDKROOT = iphoneos;
				TARGETED_DEVICE_FAMILY = "1,2";
			};
			name = Debug;
		};
		18DBEE741BF2EBB2004C36D1 /* Release */ = {
			isa = XCBuildConfiguration;
			buildSettings = {
				ALWAYS_SEARCH_USER_PATHS = NO;
				CLANG_CXX_LANGUAGE_STANDARD = "gnu++0x";
				CLANG_CXX_LIBRARY = "libc++";
				CLANG_ENABLE_MODULES = YES;
				CLANG_ENABLE_OBJC_ARC = YES;
				CLANG_WARN_BOOL_CONVERSION = YES;
				CLANG_WARN_CONSTANT_CONVERSION = YES;
				CLANG_WARN_DIRECT_OBJC_ISA_USAGE = YES_ERROR;
				CLANG_WARN_EMPTY_BODY = YES;
				CLANG_WARN_ENUM_CONVERSION = YES;
				CLANG_WARN_INT_CONVERSION = YES;
				CLANG_WARN_OBJC_ROOT_CLASS = YES_ERROR;
				CLANG_WARN_UNREACHABLE_CODE = YES;
				CLANG_WARN__DUPLICATE_METHOD_MATCH = YES;
				"CODE_SIGN_IDENTITY[sdk=iphoneos*]" = "iPhone Developer";
				COPY_PHASE_STRIP = NO;
				DEBUG_INFORMATION_FORMAT = "dwarf-with-dsym";
				ENABLE_NS_ASSERTIONS = NO;
				ENABLE_STRICT_OBJC_MSGSEND = YES;
				GCC_C_LANGUAGE_STANDARD = gnu99;
				GCC_NO_COMMON_BLOCKS = YES;
				GCC_WARN_64_TO_32_BIT_CONVERSION = YES;
				GCC_WARN_ABOUT_RETURN_TYPE = YES_ERROR;
				GCC_WARN_UNDECLARED_SELECTOR = YES;
				GCC_WARN_UNINITIALIZED_AUTOS = YES_AGGRESSIVE;
				GCC_WARN_UNUSED_FUNCTION = YES;
				GCC_WARN_UNUSED_VARIABLE = YES;
				IPHONEOS_DEPLOYMENT_TARGET = 8.3;
				MTL_ENABLE_DEBUG_INFO = NO;
				SDKROOT = iphoneos;
				TARGETED_DEVICE_FAMILY = "1,2";
				VALIDATE_PRODUCT = YES;
			};
			name = Release;
		};
		18DBEE761BF2EBB2004C36D1 /* Debug */ = {
			isa = XCBuildConfiguration;
			buildSettings = {
				ASSETCATALOG_COMPILER_APPICON_NAME = AppIcon;
				INFOPLIST_FILE = MyWebview/Info.plist;
				LD_RUNPATH_SEARCH_PATHS = "$(inherited) @executable_path/Frameworks";
				PRODUCT_NAME = "$(TARGET_NAME)";
			};
			name = Debug;
		};
		18DBEE771BF2EBB2004C36D1 /* Release */ = {
			isa = XCBuildConfiguration;
			buildSettings = {
				ASSETCATALOG_COMPILER_APPICON_NAME = AppIcon;
				INFOPLIST_FILE = MyWebview/Info.plist;
				LD_RUNPATH_SEARCH_PATHS = "$(inherited) @executable_path/Frameworks";
				PRODUCT_NAME = "$(TARGET_NAME)";
			};
			name = Release;
		};
		18DBEE791BF2EBB2004C36D1 /* Debug */ = {
			isa = XCBuildConfiguration;
			buildSettings = {
				BUNDLE_LOADER = "$(TEST_HOST)";
				FRAMEWORK_SEARCH_PATHS = (
					"$(SDKROOT)/Developer/Library/Frameworks",
					"$(inherited)",
				);
				GCC_PREPROCESSOR_DEFINITIONS = (
					"DEBUG=1",
					"$(inherited)",
				);
				INFOPLIST_FILE = MyWebviewTests/Info.plist;
				LD_RUNPATH_SEARCH_PATHS = "$(inherited) @executable_path/Frameworks @loader_path/Frameworks";
				PRODUCT_NAME = "$(TARGET_NAME)";
				TEST_HOST = "$(BUILT_PRODUCTS_DIR)/MyWebview.app/MyWebview";
			};
			name = Debug;
		};
		18DBEE7A1BF2EBB2004C36D1 /* Release */ = {
			isa = XCBuildConfiguration;
			buildSettings = {
				BUNDLE_LOADER = "$(TEST_HOST)";
				FRAMEWORK_SEARCH_PATHS = (
					"$(SDKROOT)/Developer/Library/Frameworks",
					"$(inherited)",
				);
				INFOPLIST_FILE = MyWebviewTests/Info.plist;
				LD_RUNPATH_SEARCH_PATHS = "$(inherited) @executable_path/Frameworks @loader_path/Frameworks";
				PRODUCT_NAME = "$(TARGET_NAME)";
				TEST_HOST = "$(BUILT_PRODUCTS_DIR)/MyWebview.app/MyWebview";
			};
			name = Release;
		};
/* End XCBuildConfiguration section */

/* Begin XCConfigurationList section */
		18DBEE4D1BF2EBB2004C36D1 /* Build configuration list for PBXProject "MyWebview" */ = {
			isa = XCConfigurationList;
			buildConfigurations = (
				18DBEE731BF2EBB2004C36D1 /* Debug */,
				18DBEE741BF2EBB2004C36D1 /* Release */,
			);
			defaultConfigurationIsVisible = 0;
			defaultConfigurationName = Release;
		};
		18DBEE751BF2EBB2004C36D1 /* Build configuration list for PBXNativeTarget "MyWebview" */ = {
			isa = XCConfigurationList;
			buildConfigurations = (
				18DBEE761BF2EBB2004C36D1 /* Debug */,
				18DBEE771BF2EBB2004C36D1 /* Release */,
			);
			defaultConfigurationIsVisible = 0;
		};
		18DBEE781BF2EBB2004C36D1 /* Build configuration list for PBXNativeTarget "MyWebviewTests" */ = {
			isa = XCConfigurationList;
			buildConfigurations = (
				18DBEE791BF2EBB2004C36D1 /* Debug */,
				18DBEE7A1BF2EBB2004C36D1 /* Release */,
			);
			defaultConfigurationIsVisible = 0;
		};
/* End XCConfigurationList section */
	};
	rootObject = 18DBEE4A1BF2EBB2004C36D1 /* Project object */;
}
